
Microsoft Visual Studio Solution File, Format Version 12.00
# Visual Studio Version 16
VisualStudioVersion = 16.0.31624.102
MinimumVisualStudioVersion = 10.0.40219.1
Project("{9A19103F-16F7-4668-BE54-9A1E7A4F7556}") = "Course-Logica", "Course\Course-Logica.csproj", "{AB0ED5D2-45E1-4BC9-A177-A91DAC6B5FC6}"
EndProject
Project("{9A19103F-16F7-4668-BE54-9A1E7A4F7556}") = "Course-Logica_2", "Course_2\Course-Logica_2.csproj", "{E8A0F07E-F404-4968-859B-2E1C060A5C1C}"
EndProject
Project("{FAE04EC0-301F-11D3-BF4B-00C04F79EFBC}") = "Course-Classes", "Course-Classes\Course-Classes.csproj", "{4BEE3B68-F880-4C24-996B-7EE2B2E1B815}"
EndProject
Project("{FAE04EC0-301F-11D3-BF4B-00C04F79EFBC}") = "Course-Classes_2", "Course-Classes_2\Course-Classes_2.csproj", "{86F7A5AB-7650-4293-8D4B-81C186F7D421}"
EndProject
Global
	GlobalSection(SolutionConfigurationPlatforms) = preSolution
		Debug|Any CPU = Debug|Any CPU
		Release|Any CPU = Release|Any CPU
	EndGlobalSection
	GlobalSection(ProjectConfigurationPlatforms) = postSolution
		{AB0ED5D2-45E1-4BC9-A177-A91DAC6B5FC6}.Debug|Any CPU.ActiveCfg = Debug|Any CPU
		{AB0ED5D2-45E1-4BC9-A177-A91DAC6B5FC6}.Debug|Any CPU.Build.0 = Debug|Any CPU
		{AB0ED5D2-45E1-4BC9-A177-A91DAC6B5FC6}.Release|Any CPU.ActiveCfg = Release|Any CPU
		{AB0ED5D2-45E1-4BC9-A177-A91DAC6B5FC6}.Release|Any CPU.Build.0 = Release|Any CPU
		{E8A0F07E-F404-4968-859B-2E1C060A5C1C}.Debug|Any CPU.ActiveCfg = Debug|Any CPU
		{E8A0F07E-F404-4968-859B-2E1C060A5C1C}.Debug|Any CPU.Build.0 = Debug|Any CPU
		{E8A0F07E-F404-4968-859B-2E1C060A5C1C}.Release|Any CPU.ActiveCfg = Release|Any CPU
		{E8A0F07E-F404-4968-859B-2E1C060A5C1C}.Release|Any CPU.Build.0 = Release|Any CPU
		{4BEE3B68-F880-4C24-996B-7EE2B2E1B815}.Debug|Any CPU.ActiveCfg = Debug|Any CPU
		{4BEE3B68-F880-4C24-996B-7EE2B2E1B815}.Debug|Any CPU.Build.0 = Debug|Any CPU
		{4BEE3B68-F880-4C24-996B-7EE2B2E1B815}.Release|Any CPU.ActiveCfg = Release|Any CPU
		{4BEE3B68-F880-4C24-996B-7EE2B2E1B815}.Release|Any CPU.Build.0 = Release|Any CPU
		{86F7A5AB-7650-4293-8D4B-81C186F7D421}.Debug|Any CPU.ActiveCfg = Debug|Any CPU
		{86F7A5AB-7650-4293-8D4B-81C186F7D421}.Debug|Any CPU.Build.0 = Debug|Any CPU
		{86F7A5AB-7650-4293-8D4B-81C186F7D421}.Release|Any CPU.ActiveCfg = Release|Any CPU
		{86F7A5AB-7650-4293-8D4B-81C186F7D421}.Release|Any CPU.Build.0 = Release|Any CPU
	EndGlobalSection
	GlobalSection(SolutionProperties) = preSolution
		HideSolutionNode = FALSE
	EndGlobalSection
	GlobalSection(ExtensibilityGlobals) = postSolution
		SolutionGuid = {F40B23A1-129B-4629-9E8B-B303E8EFA8E3}
	EndGlobalSection
EndGlobal
